
Microsoft Visual Studio Solution File, Format Version 12.00
# Visual Studio Version 17
VisualStudioVersion = 17.3.32819.101
MinimumVisualStudioVersion = 10.0.40219.1
Project("{2150E333-8FDC-42A3-9474-1A3956D46DE8}") = "GrpcBasic", "GrpcBasic", "{64C68D62-6B14-44F4-B376-7AE8D1F78D09}"
EndProject
Project("{2150E333-8FDC-42A3-9474-1A3956D46DE8}") = "Clients", "Clients", "{462177EB-67DE-475C-9495-573D23818C0A}"
EndProject
Project("{2150E333-8FDC-42A3-9474-1A3956D46DE8}") = "Dependencies", "Dependencies", "{6FF412CF-FBFE-4D66-852D-5F2EB1CD0520}"
EndProject
Project("{2150E333-8FDC-42A3-9474-1A3956D46DE8}") = "Servers", "Servers", "{3DE3FADF-2624-48BA-82A8-2D8A71A04F33}"
EndProject
Project("{2150E333-8FDC-42A3-9474-1A3956D46DE8}") = "BasicGrpcClient", "BasicGrpcClient", "{3EBC135F-011C-4454-B983-1CBFDD8A82DB}"
EndProject
Project("{9A19103F-16F7-4668-BE54-9A1E7A4F7556}") = "BasicGrpcClient", "GrpcBasic\Clients\BasicGrpcClient\BasicGrpcClient.csproj", "{41B9B9CC-E44D-4EFE-85EE-D577BA4C6124}"
EndProject
Project("{2150E333-8FDC-42A3-9474-1A3956D46DE8}") = "GrpcDependencies", "GrpcDependencies", "{B7EDE107-6A42-4AE3-A31F-1E3AC16557F0}"
EndProject
Project("{9A19103F-16F7-4668-BE54-9A1E7A4F7556}") = "GrpcDependencies", "GrpcBasic\Dependencies\GrpcDependencies\GrpcDependencies.csproj", "{4E12546B-177D-4F1D-858D-AB39ACB0EC85}"
EndProject
Project("{2150E333-8FDC-42A3-9474-1A3956D46DE8}") = "BasicGrpcService", "BasicGrpcService", "{A41E6008-AF16-4440-B08F-1F6831DF89F4}"
EndProject
Project("{9A19103F-16F7-4668-BE54-9A1E7A4F7556}") = "BasicGrpcService", "GrpcBasic\Servers\BasicGrpcService\BasicGrpcService.csproj", "{676A362A-AECA-4FCE-AD4C-8439CFD160B8}"
EndProject
Project("{2150E333-8FDC-42A3-9474-1A3956D46DE8}") = "GrpcCommunication", "GrpcCommunication", "{DBD09C47-6075-489C-8F05-30B637DB80FC}"
EndProject
Project("{2150E333-8FDC-42A3-9474-1A3956D46DE8}") = "Dependencies", "Dependencies", "{49323EF9-2917-493E-893E-A361F3B83EA8}"
EndProject
Project("{2150E333-8FDC-42A3-9474-1A3956D46DE8}") = "Services", "Services", "{2150055D-5580-4D64-BDF0-329B85C8685E}"
EndProject
Project("{2150E333-8FDC-42A3-9474-1A3956D46DE8}") = "Gateway", "Gateway", "{D88B2449-54F4-435F-B1FD-49BD87BF5A49}"
EndProject
Project("{2150E333-8FDC-42A3-9474-1A3956D46DE8}") = "GrpcDependencies", "GrpcDependencies", "{79EAD237-5F8F-47A7-A733-C7E2DCBA5255}"
EndProject
Project("{9A19103F-16F7-4668-BE54-9A1E7A4F7556}") = "GrpcDependencies", "GrpcCommunication\Dependencies\GrpcDependencies\GrpcDependencies.csproj", "{1217CB02-D1C5-450B-887E-91804F12CF26}"
EndProject
Project("{2150E333-8FDC-42A3-9474-1A3956D46DE8}") = "ApiGateway", "ApiGateway", "{AA39165E-BD16-4A8F-A1BB-7E7675FE40D0}"
EndProject
Project("{9A19103F-16F7-4668-BE54-9A1E7A4F7556}") = "ApiGateway", "GrpcCommunication\Gateway\ApiGateway\ApiGateway.csproj", "{3BE77558-6E52-4D05-A2BF-AA2CF1636DFC}"
EndProject
Project("{2150E333-8FDC-42A3-9474-1A3956D46DE8}") = "StatusMicroservice", "StatusMicroservice", "{C38956D0-2EC3-4029-B25B-1B1719B1342C}"
EndProject
Project("{9A19103F-16F7-4668-BE54-9A1E7A4F7556}") = "StatusMicroservice", "GrpcCommunication\Services\StatusMicroservice\StatusMicroservice.csproj", "{AE583F35-73F5-4CEC-9289-2A5138A51B7C}"
EndProject
Project("{2150E333-8FDC-42A3-9474-1A3956D46DE8}") = "IndepthProtobuf", "IndepthProtobuf", "{801DA70B-FB0A-40CE-B051-BAAFCA5FDBD5}"
EndProject
Project("{9A19103F-16F7-4668-BE54-9A1E7A4F7556}") = "IndepthProtobuf", "IndepthProtobuf\IndepthProtobuf.csproj", "{922EA5B5-98EF-47A0-B6FA-429D289F5F6C}"
EndProject
Global
	GlobalSection(SolutionConfigurationPlatforms) = preSolution
		Debug|Any CPU = Debug|Any CPU
		Release|Any CPU = Release|Any CPU
	EndGlobalSection
	GlobalSection(ProjectConfigurationPlatforms) = postSolution
		{41B9B9CC-E44D-4EFE-85EE-D577BA4C6124}.Debug|Any CPU.ActiveCfg = Debug|Any CPU
		{41B9B9CC-E44D-4EFE-85EE-D577BA4C6124}.Debug|Any CPU.Build.0 = Debug|Any CPU
		{41B9B9CC-E44D-4EFE-85EE-D577BA4C6124}.Release|Any CPU.ActiveCfg = Release|Any CPU
		{41B9B9CC-E44D-4EFE-85EE-D577BA4C6124}.Release|Any CPU.Build.0 = Release|Any CPU
		{4E12546B-177D-4F1D-858D-AB39ACB0EC85}.Debug|Any CPU.ActiveCfg = Debug|Any CPU
		{4E12546B-177D-4F1D-858D-AB39ACB0EC85}.Debug|Any CPU.Build.0 = Debug|Any CPU
		{4E12546B-177D-4F1D-858D-AB39ACB0EC85}.Release|Any CPU.ActiveCfg = Release|Any CPU
		{4E12546B-177D-4F1D-858D-AB39ACB0EC85}.Release|Any CPU.Build.0 = Release|Any CPU
		{676A362A-AECA-4FCE-AD4C-8439CFD160B8}.Debug|Any CPU.ActiveCfg = Debug|Any CPU
		{676A362A-AECA-4FCE-AD4C-8439CFD160B8}.Debug|Any CPU.Build.0 = Debug|Any CPU
		{676A362A-AECA-4FCE-AD4C-8439CFD160B8}.Release|Any CPU.ActiveCfg = Release|Any CPU
		{676A362A-AECA-4FCE-AD4C-8439CFD160B8}.Release|Any CPU.Build.0 = Release|Any CPU
		{1217CB02-D1C5-450B-887E-91804F12CF26}.Debug|Any CPU.ActiveCfg = Debug|Any CPU
		{1217CB02-D1C5-450B-887E-91804F12CF26}.Debug|Any CPU.Build.0 = Debug|Any CPU
		{1217CB02-D1C5-450B-887E-91804F12CF26}.Release|Any CPU.ActiveCfg = Release|Any CPU
		{1217CB02-D1C5-450B-887E-91804F12CF26}.Release|Any CPU.Build.0 = Release|Any CPU
		{3BE77558-6E52-4D05-A2BF-AA2CF1636DFC}.Debug|Any CPU.ActiveCfg = Debug|Any CPU
		{3BE77558-6E52-4D05-A2BF-AA2CF1636DFC}.Debug|Any CPU.Build.0 = Debug|Any CPU
		{3BE77558-6E52-4D05-A2BF-AA2CF1636DFC}.Release|Any CPU.ActiveCfg = Release|Any CPU
		{3BE77558-6E52-4D05-A2BF-AA2CF1636DFC}.Release|Any CPU.Build.0 = Release|Any CPU
		{AE583F35-73F5-4CEC-9289-2A5138A51B7C}.Debug|Any CPU.ActiveCfg = Debug|Any CPU
		{AE583F35-73F5-4CEC-9289-2A5138A51B7C}.Debug|Any CPU.Build.0 = Debug|Any CPU
		{AE583F35-73F5-4CEC-9289-2A5138A51B7C}.Release|Any CPU.ActiveCfg = Release|Any CPU
		{AE583F35-73F5-4CEC-9289-2A5138A51B7C}.Release|Any CPU.Build.0 = Release|Any CPU
		{922EA5B5-98EF-47A0-B6FA-429D289F5F6C}.Debug|Any CPU.ActiveCfg = Debug|Any CPU
		{922EA5B5-98EF-47A0-B6FA-429D289F5F6C}.Debug|Any CPU.Build.0 = Debug|Any CPU
		{922EA5B5-98EF-47A0-B6FA-429D289F5F6C}.Release|Any CPU.ActiveCfg = Release|Any CPU
		{922EA5B5-98EF-47A0-B6FA-429D289F5F6C}.Release|Any CPU.Build.0 = Release|Any CPU
	EndGlobalSection
	GlobalSection(SolutionProperties) = preSolution
		HideSolutionNode = FALSE
	EndGlobalSection
	GlobalSection(NestedProjects) = preSolution
		{462177EB-67DE-475C-9495-573D23818C0A} = {64C68D62-6B14-44F4-B376-7AE8D1F78D09}
		{6FF412CF-FBFE-4D66-852D-5F2EB1CD0520} = {64C68D62-6B14-44F4-B376-7AE8D1F78D09}
		{3DE3FADF-2624-48BA-82A8-2D8A71A04F33} = {64C68D62-6B14-44F4-B376-7AE8D1F78D09}
		{3EBC135F-011C-4454-B983-1CBFDD8A82DB} = {462177EB-67DE-475C-9495-573D23818C0A}
		{41B9B9CC-E44D-4EFE-85EE-D577BA4C6124} = {3EBC135F-011C-4454-B983-1CBFDD8A82DB}
		{B7EDE107-6A42-4AE3-A31F-1E3AC16557F0} = {6FF412CF-FBFE-4D66-852D-5F2EB1CD0520}
		{4E12546B-177D-4F1D-858D-AB39ACB0EC85} = {B7EDE107-6A42-4AE3-A31F-1E3AC16557F0}
		{A41E6008-AF16-4440-B08F-1F6831DF89F4} = {3DE3FADF-2624-48BA-82A8-2D8A71A04F33}
		{676A362A-AECA-4FCE-AD4C-8439CFD160B8} = {A41E6008-AF16-4440-B08F-1F6831DF89F4}
		{49323EF9-2917-493E-893E-A361F3B83EA8} = {DBD09C47-6075-489C-8F05-30B637DB80FC}
		{2150055D-5580-4D64-BDF0-329B85C8685E} = {DBD09C47-6075-489C-8F05-30B637DB80FC}
		{D88B2449-54F4-435F-B1FD-49BD87BF5A49} = {DBD09C47-6075-489C-8F05-30B637DB80FC}
		{79EAD237-5F8F-47A7-A733-C7E2DCBA5255} = {49323EF9-2917-493E-893E-A361F3B83EA8}
		{1217CB02-D1C5-450B-887E-91804F12CF26} = {79EAD237-5F8F-47A7-A733-C7E2DCBA5255}
		{AA39165E-BD16-4A8F-A1BB-7E7675FE40D0} = {D88B2449-54F4-435F-B1FD-49BD87BF5A49}
		{3BE77558-6E52-4D05-A2BF-AA2CF1636DFC} = {AA39165E-BD16-4A8F-A1BB-7E7675FE40D0}
		{C38956D0-2EC3-4029-B25B-1B1719B1342C} = {2150055D-5580-4D64-BDF0-329B85C8685E}
		{AE583F35-73F5-4CEC-9289-2A5138A51B7C} = {C38956D0-2EC3-4029-B25B-1B1719B1342C}
		{922EA5B5-98EF-47A0-B6FA-429D289F5F6C} = {801DA70B-FB0A-40CE-B051-BAAFCA5FDBD5}
	EndGlobalSection
	GlobalSection(ExtensibilityGlobals) = postSolution
		SolutionGuid = {3A451A36-5A2E-4740-B545-F52B6E9F2514}
	EndGlobalSection
EndGlobal
